
Microsoft Visual Studio Solution File, Format Version 12.00
Project("{FAE04EC0-301F-11D3-BF4B-00C04F79EFBC}") = "ResumeBuilder", "ResumeBuilder\ResumeBuilder.csproj", "{BA474B48-50AA-41A8-98F7-4FECFD5DA03E}"
EndProject
Project("{FAE04EC0-301F-11D3-BF4B-00C04F79EFBC}") = "CvParser", "CvParser\CvParser.csproj", "{C43354E5-9BCB-451F-BAE4-56CDE31A70B6}"
EndProject
Project("{FAE04EC0-301F-11D3-BF4B-00C04F79EFBC}") = "CvParser.Docx", "CvParser.Docx\CvParser.Docx.csproj", "{A0E62055-B228-496C-9963-1A12CFDF88B4}"
EndProject
Project("{2150E333-8FDC-42A3-9474-1A3956D46DE8}") = "CvParser", "CvParser", "{9876647F-AF34-4753-AD2C-153AABD6C076}"
EndProject
Project("{FAE04EC0-301F-11D3-BF4B-00C04F79EFBC}") = "CvParser.Domain", "CvParser.Domain\CvParser.Domain.csproj", "{B6F04D96-26DE-4435-81A6-8CBB15774568}"
EndProject
Project("{2150E333-8FDC-42A3-9474-1A3956D46DE8}") = "CvMatrix", "CvMatrix", "{3D9C9A49-7104-4E41-9C30-67CAE3FFBAFD}"
EndProject
Project("{FAE04EC0-301F-11D3-BF4B-00C04F79EFBC}") = "CvMatrix", "CvMatrix\CvMatrix.csproj", "{8E0782AA-4530-4A70-BE31-16D7B71C40A3}"
EndProject
Project("{FAE04EC0-301F-11D3-BF4B-00C04F79EFBC}") = "CvMatrix.Domain", "CvMatrix.Domain\CvMatrix.Domain.csproj", "{8F832949-BF00-404E-9419-0563EA005F1B}"
EndProject
Project("{FAE04EC0-301F-11D3-BF4B-00C04F79EFBC}") = "CvMatrix.Core", "CvMatrix.Core\CvMatrix.Core.csproj", "{1CE43F67-C831-42CB-89BB-4D7101DB918D}"
EndProject
Global
	GlobalSection(SolutionConfigurationPlatforms) = preSolution
		Debug|Any CPU = Debug|Any CPU
		Release|Any CPU = Release|Any CPU
	EndGlobalSection
	GlobalSection(ProjectConfigurationPlatforms) = postSolution
		{BA474B48-50AA-41A8-98F7-4FECFD5DA03E}.Debug|Any CPU.ActiveCfg = Debug|Any CPU
		{BA474B48-50AA-41A8-98F7-4FECFD5DA03E}.Debug|Any CPU.Build.0 = Debug|Any CPU
		{BA474B48-50AA-41A8-98F7-4FECFD5DA03E}.Release|Any CPU.ActiveCfg = Release|Any CPU
		{BA474B48-50AA-41A8-98F7-4FECFD5DA03E}.Release|Any CPU.Build.0 = Release|Any CPU
		{C43354E5-9BCB-451F-BAE4-56CDE31A70B6}.Debug|Any CPU.ActiveCfg = Debug|Any CPU
		{C43354E5-9BCB-451F-BAE4-56CDE31A70B6}.Debug|Any CPU.Build.0 = Debug|Any CPU
		{C43354E5-9BCB-451F-BAE4-56CDE31A70B6}.Release|Any CPU.ActiveCfg = Release|Any CPU
		{C43354E5-9BCB-451F-BAE4-56CDE31A70B6}.Release|Any CPU.Build.0 = Release|Any CPU
		{A0E62055-B228-496C-9963-1A12CFDF88B4}.Debug|Any CPU.ActiveCfg = Debug|Any CPU
		{A0E62055-B228-496C-9963-1A12CFDF88B4}.Debug|Any CPU.Build.0 = Debug|Any CPU
		{A0E62055-B228-496C-9963-1A12CFDF88B4}.Release|Any CPU.ActiveCfg = Release|Any CPU
		{A0E62055-B228-496C-9963-1A12CFDF88B4}.Release|Any CPU.Build.0 = Release|Any CPU
		{B6F04D96-26DE-4435-81A6-8CBB15774568}.Debug|Any CPU.ActiveCfg = Debug|Any CPU
		{B6F04D96-26DE-4435-81A6-8CBB15774568}.Debug|Any CPU.Build.0 = Debug|Any CPU
		{B6F04D96-26DE-4435-81A6-8CBB15774568}.Release|Any CPU.ActiveCfg = Release|Any CPU
		{B6F04D96-26DE-4435-81A6-8CBB15774568}.Release|Any CPU.Build.0 = Release|Any CPU
		{8E0782AA-4530-4A70-BE31-16D7B71C40A3}.Debug|Any CPU.ActiveCfg = Debug|Any CPU
		{8E0782AA-4530-4A70-BE31-16D7B71C40A3}.Debug|Any CPU.Build.0 = Debug|Any CPU
		{8E0782AA-4530-4A70-BE31-16D7B71C40A3}.Release|Any CPU.ActiveCfg = Release|Any CPU
		{8E0782AA-4530-4A70-BE31-16D7B71C40A3}.Release|Any CPU.Build.0 = Release|Any CPU
		{8F832949-BF00-404E-9419-0563EA005F1B}.Debug|Any CPU.ActiveCfg = Debug|Any CPU
		{8F832949-BF00-404E-9419-0563EA005F1B}.Debug|Any CPU.Build.0 = Debug|Any CPU
		{8F832949-BF00-404E-9419-0563EA005F1B}.Release|Any CPU.ActiveCfg = Release|Any CPU
		{8F832949-BF00-404E-9419-0563EA005F1B}.Release|Any CPU.Build.0 = Release|Any CPU
		{1CE43F67-C831-42CB-89BB-4D7101DB918D}.Debug|Any CPU.ActiveCfg = Debug|Any CPU
		{1CE43F67-C831-42CB-89BB-4D7101DB918D}.Debug|Any CPU.Build.0 = Debug|Any CPU
		{1CE43F67-C831-42CB-89BB-4D7101DB918D}.Release|Any CPU.ActiveCfg = Release|Any CPU
		{1CE43F67-C831-42CB-89BB-4D7101DB918D}.Release|Any CPU.Build.0 = Release|Any CPU
	EndGlobalSection
	GlobalSection(NestedProjects) = preSolution
		{C43354E5-9BCB-451F-BAE4-56CDE31A70B6} = {9876647F-AF34-4753-AD2C-153AABD6C076}
		{A0E62055-B228-496C-9963-1A12CFDF88B4} = {9876647F-AF34-4753-AD2C-153AABD6C076}
		{B6F04D96-26DE-4435-81A6-8CBB15774568} = {9876647F-AF34-4753-AD2C-153AABD6C076}
		{8E0782AA-4530-4A70-BE31-16D7B71C40A3} = {3D9C9A49-7104-4E41-9C30-67CAE3FFBAFD}
		{8F832949-BF00-404E-9419-0563EA005F1B} = {3D9C9A49-7104-4E41-9C30-67CAE3FFBAFD}
		{1CE43F67-C831-42CB-89BB-4D7101DB918D} = {3D9C9A49-7104-4E41-9C30-67CAE3FFBAFD}
	EndGlobalSection
EndGlobal
