
Microsoft Visual Studio Solution File, Format Version 12.00
Project("{FAE04EC0-301F-11D3-BF4B-00C04F79EFBC}") = "ResumeBuilder", "ResumeBuilder\ResumeBuilder.csproj", "{BA474B48-50AA-41A8-98F7-4FECFD5DA03E}"
EndProject
Project("{2150E333-8FDC-42A3-9474-1A3956D46DE8}") = "CvParser", "CvParser", "{9876647F-AF34-4753-AD2C-153AABD6C076}"
EndProject
Project("{2150E333-8FDC-42A3-9474-1A3956D46DE8}") = "CvMatrix", "CvMatrix", "{3D9C9A49-7104-4E41-9C30-67CAE3FFBAFD}"
EndProject
Project("{FAE04EC0-301F-11D3-BF4B-00C04F79EFBC}") = "CvMatrix", "CvMatrix\CvMatrix\CvMatrix.csproj", "{B3328A9B-89E9-47FB-B1B8-BB2DE23601A4}"
EndProject
Project("{FAE04EC0-301F-11D3-BF4B-00C04F79EFBC}") = "CvMatrix.Core", "CvMatrix\CvMatrix.Core\CvMatrix.Core.csproj", "{D537F528-5E7A-4F7D-8BF6-A3FDE6938CF9}"
EndProject
Project("{FAE04EC0-301F-11D3-BF4B-00C04F79EFBC}") = "CvMatrix.Domain", "CvMatrix\CvMatrix.Domain\CvMatrix.Domain.csproj", "{1D8E92A1-C12C-4F11-A6DB-92103B42CDD1}"
EndProject
Project("{FAE04EC0-301F-11D3-BF4B-00C04F79EFBC}") = "CvParser.Docx", "CvParser\CvParser.Docx\CvParser.Docx.csproj", "{F0320E80-7D7C-414D-9FD5-34E80BEA97ED}"
EndProject
Project("{FAE04EC0-301F-11D3-BF4B-00C04F79EFBC}") = "CvParser.Domain", "CvParser\CvParser.Domain\CvParser.Domain.csproj", "{00EA99D2-8130-4A25-BE6F-3311E993E483}"
EndProject
Project("{FAE04EC0-301F-11D3-BF4B-00C04F79EFBC}") = "CvParser", "CvParser\CvParser\CvParser.csproj", "{15BCC381-5F0A-4E81-97EE-CF08EB43F51D}"
EndProject
Global
	GlobalSection(SolutionConfigurationPlatforms) = preSolution
		Debug|Any CPU = Debug|Any CPU
		Release|Any CPU = Release|Any CPU
	EndGlobalSection
	GlobalSection(ProjectConfigurationPlatforms) = postSolution
		{BA474B48-50AA-41A8-98F7-4FECFD5DA03E}.Debug|Any CPU.ActiveCfg = Debug|Any CPU
		{BA474B48-50AA-41A8-98F7-4FECFD5DA03E}.Debug|Any CPU.Build.0 = Debug|Any CPU
		{BA474B48-50AA-41A8-98F7-4FECFD5DA03E}.Release|Any CPU.ActiveCfg = Release|Any CPU
		{BA474B48-50AA-41A8-98F7-4FECFD5DA03E}.Release|Any CPU.Build.0 = Release|Any CPU
		{B3328A9B-89E9-47FB-B1B8-BB2DE23601A4}.Debug|Any CPU.ActiveCfg = Debug|Any CPU
		{B3328A9B-89E9-47FB-B1B8-BB2DE23601A4}.Debug|Any CPU.Build.0 = Debug|Any CPU
		{B3328A9B-89E9-47FB-B1B8-BB2DE23601A4}.Release|Any CPU.ActiveCfg = Release|Any CPU
		{B3328A9B-89E9-47FB-B1B8-BB2DE23601A4}.Release|Any CPU.Build.0 = Release|Any CPU
		{D537F528-5E7A-4F7D-8BF6-A3FDE6938CF9}.Debug|Any CPU.ActiveCfg = Debug|Any CPU
		{D537F528-5E7A-4F7D-8BF6-A3FDE6938CF9}.Debug|Any CPU.Build.0 = Debug|Any CPU
		{D537F528-5E7A-4F7D-8BF6-A3FDE6938CF9}.Release|Any CPU.ActiveCfg = Release|Any CPU
		{D537F528-5E7A-4F7D-8BF6-A3FDE6938CF9}.Release|Any CPU.Build.0 = Release|Any CPU
		{1D8E92A1-C12C-4F11-A6DB-92103B42CDD1}.Debug|Any CPU.ActiveCfg = Debug|Any CPU
		{1D8E92A1-C12C-4F11-A6DB-92103B42CDD1}.Debug|Any CPU.Build.0 = Debug|Any CPU
		{1D8E92A1-C12C-4F11-A6DB-92103B42CDD1}.Release|Any CPU.ActiveCfg = Release|Any CPU
		{1D8E92A1-C12C-4F11-A6DB-92103B42CDD1}.Release|Any CPU.Build.0 = Release|Any CPU
		{F0320E80-7D7C-414D-9FD5-34E80BEA97ED}.Debug|Any CPU.ActiveCfg = Debug|Any CPU
		{F0320E80-7D7C-414D-9FD5-34E80BEA97ED}.Debug|Any CPU.Build.0 = Debug|Any CPU
		{F0320E80-7D7C-414D-9FD5-34E80BEA97ED}.Release|Any CPU.ActiveCfg = Release|Any CPU
		{F0320E80-7D7C-414D-9FD5-34E80BEA97ED}.Release|Any CPU.Build.0 = Release|Any CPU
		{00EA99D2-8130-4A25-BE6F-3311E993E483}.Debug|Any CPU.ActiveCfg = Debug|Any CPU
		{00EA99D2-8130-4A25-BE6F-3311E993E483}.Debug|Any CPU.Build.0 = Debug|Any CPU
		{00EA99D2-8130-4A25-BE6F-3311E993E483}.Release|Any CPU.ActiveCfg = Release|Any CPU
		{00EA99D2-8130-4A25-BE6F-3311E993E483}.Release|Any CPU.Build.0 = Release|Any CPU
		{15BCC381-5F0A-4E81-97EE-CF08EB43F51D}.Debug|Any CPU.ActiveCfg = Debug|Any CPU
		{15BCC381-5F0A-4E81-97EE-CF08EB43F51D}.Debug|Any CPU.Build.0 = Debug|Any CPU
		{15BCC381-5F0A-4E81-97EE-CF08EB43F51D}.Release|Any CPU.ActiveCfg = Release|Any CPU
		{15BCC381-5F0A-4E81-97EE-CF08EB43F51D}.Release|Any CPU.Build.0 = Release|Any CPU
	EndGlobalSection
	GlobalSection(NestedProjects) = preSolution
		{B3328A9B-89E9-47FB-B1B8-BB2DE23601A4} = {3D9C9A49-7104-4E41-9C30-67CAE3FFBAFD}
		{D537F528-5E7A-4F7D-8BF6-A3FDE6938CF9} = {3D9C9A49-7104-4E41-9C30-67CAE3FFBAFD}
		{1D8E92A1-C12C-4F11-A6DB-92103B42CDD1} = {3D9C9A49-7104-4E41-9C30-67CAE3FFBAFD}
		{F0320E80-7D7C-414D-9FD5-34E80BEA97ED} = {9876647F-AF34-4753-AD2C-153AABD6C076}
		{00EA99D2-8130-4A25-BE6F-3311E993E483} = {9876647F-AF34-4753-AD2C-153AABD6C076}
		{15BCC381-5F0A-4E81-97EE-CF08EB43F51D} = {9876647F-AF34-4753-AD2C-153AABD6C076}
	EndGlobalSection
EndGlobal
